{
  "name": "sools-wiki",
  "version": "1.0.0",
  "lockfileVersion": 3,
  "requires": true,
  "packages": {
    "": {
      "name": "sools-wiki",
      "version": "1.0.0",
      "license": "ISC",
      "dependencies": {
        "core": "file:../../core/shared",
        "modeling": "file:../../modeling/shared",
        "sools-core": "^1.0.0",
        "sools-modeling": "^1.0.0"
      }
    },
    "../../core/shared": {
      "name": "sools-core",
      "version": "1.0.0",
      "license": "ISC",
      "devDependencies": {
        "chai": "^4.3.10",
        "mocha": "^10.2.0"
      }
    },
    "../../modeling/shared": {
      "name": "sools-modeling",
      "version": "1.0.0",
      "license": "ISC",
      "dependencies": {
        "sools-core": "^1.0.0"
      },
      "devDependencies": {
        "chai": "^4.3.10",
        "mocha": "^10.2.0"
      }
    },
    "node_modules/core": {
      "resolved": "../../core/shared",
      "link": true
    },
    "node_modules/modeling": {
      "resolved": "../../modeling/shared",
      "link": true
    },
    "node_modules/sools-core": {
      "version": "1.0.0",
      "resolved": "https://registry.npmjs.org/sools-core/-/sools-core-1.0.0.tgz",
      "integrity": "sha512-KU5ULx6TvhEKK50WxmNiMrCsnGdDB4XmiqxbVZcfrhu1GAsE7X7rFv5AorUtP/teb1oorWYdiZ3kj7HlALSTcw=="
    },
    "node_modules/sools-modeling": {
      "version": "1.0.0",
      "resolved": "https://registry.npmjs.org/sools-modeling/-/sools-modeling-1.0.0.tgz",
      "integrity": "sha512-pOhF+PjJvE2FAzWFIfmlHhRAFedi1JACo0pVPlCPBrgX+TA07S35rW8PMclUYhlZsRXtJpUNtKTOl40XCG+hsA==",
      "dependencies": {
        "sools-core": "^1.0.0"
      }
    }
  }
}
